
Microsoft Visual Studio Solution File, Format Version 12.00
# Visual Studio Version 17
VisualStudioVersion = 17.0.31710.8
MinimumVisualStudioVersion = 10.0.40219.1
Project("{FAE04EC0-301F-11D3-BF4B-00C04F79EFBC}") = "LecturesScheduler.WebApi", "LecturesScheduler.WebApi\LecturesScheduler.WebApi.csproj", "{849BC288-8443-4BC9-B05F-EAA05D23CC70}"
EndProject
Project("{FAE04EC0-301F-11D3-BF4B-00C04F79EFBC}") = "LecturesScheduler.Services", "LecturesScheduler.Services\LecturesScheduler.Services.csproj", "{E08AC540-E911-481E-ACC2-C9586B956ACC}"
EndProject
Project("{FAE04EC0-301F-11D3-BF4B-00C04F79EFBC}") = "LecturesScheduler.Domain", "LecturesScheduler.Domain\LecturesScheduler.Domain.csproj", "{100DF71F-014B-48E2-98C7-07637E6563E9}"
EndProject
Project("{FAE04EC0-301F-11D3-BF4B-00C04F79EFBC}") = "LecturesScheduler.Persistence", "LecturesScheduler.Persistence\LecturesScheduler.Persistence.csproj", "{2796AD70-0E0B-4E5F-B256-531F18F60C18}"
EndProject
Project("{FAE04EC0-301F-11D3-BF4B-00C04F79EFBC}") = "LecturesScheduler.Contracts", "LecturesScheduler.Contracts\LecturesScheduler.Contracts.csproj", "{15FAC534-5D5D-4BFA-BC05-1C072B3BFFDB}"
EndProject
Global
	GlobalSection(SolutionConfigurationPlatforms) = preSolution
		Debug|Any CPU = Debug|Any CPU
		Release|Any CPU = Release|Any CPU
	EndGlobalSection
	GlobalSection(ProjectConfigurationPlatforms) = postSolution
		{849BC288-8443-4BC9-B05F-EAA05D23CC70}.Debug|Any CPU.ActiveCfg = Debug|Any CPU
		{849BC288-8443-4BC9-B05F-EAA05D23CC70}.Debug|Any CPU.Build.0 = Debug|Any CPU
		{849BC288-8443-4BC9-B05F-EAA05D23CC70}.Release|Any CPU.ActiveCfg = Release|Any CPU
		{849BC288-8443-4BC9-B05F-EAA05D23CC70}.Release|Any CPU.Build.0 = Release|Any CPU
		{E08AC540-E911-481E-ACC2-C9586B956ACC}.Debug|Any CPU.ActiveCfg = Debug|Any CPU
		{E08AC540-E911-481E-ACC2-C9586B956ACC}.Debug|Any CPU.Build.0 = Debug|Any CPU
		{E08AC540-E911-481E-ACC2-C9586B956ACC}.Release|Any CPU.ActiveCfg = Release|Any CPU
		{E08AC540-E911-481E-ACC2-C9586B956ACC}.Release|Any CPU.Build.0 = Release|Any CPU
		{100DF71F-014B-48E2-98C7-07637E6563E9}.Debug|Any CPU.ActiveCfg = Debug|Any CPU
		{100DF71F-014B-48E2-98C7-07637E6563E9}.Debug|Any CPU.Build.0 = Debug|Any CPU
		{100DF71F-014B-48E2-98C7-07637E6563E9}.Release|Any CPU.ActiveCfg = Release|Any CPU
		{100DF71F-014B-48E2-98C7-07637E6563E9}.Release|Any CPU.Build.0 = Release|Any CPU
		{2796AD70-0E0B-4E5F-B256-531F18F60C18}.Debug|Any CPU.ActiveCfg = Debug|Any CPU
		{2796AD70-0E0B-4E5F-B256-531F18F60C18}.Debug|Any CPU.Build.0 = Debug|Any CPU
		{2796AD70-0E0B-4E5F-B256-531F18F60C18}.Release|Any CPU.ActiveCfg = Release|Any CPU
		{2796AD70-0E0B-4E5F-B256-531F18F60C18}.Release|Any CPU.Build.0 = Release|Any CPU
		{15FAC534-5D5D-4BFA-BC05-1C072B3BFFDB}.Debug|Any CPU.ActiveCfg = Debug|Any CPU
		{15FAC534-5D5D-4BFA-BC05-1C072B3BFFDB}.Debug|Any CPU.Build.0 = Debug|Any CPU
		{15FAC534-5D5D-4BFA-BC05-1C072B3BFFDB}.Release|Any CPU.ActiveCfg = Release|Any CPU
		{15FAC534-5D5D-4BFA-BC05-1C072B3BFFDB}.Release|Any CPU.Build.0 = Release|Any CPU
	EndGlobalSection
	GlobalSection(SolutionProperties) = preSolution
		HideSolutionNode = FALSE
	EndGlobalSection
	GlobalSection(ExtensibilityGlobals) = postSolution
		SolutionGuid = {5E9B43B8-6271-4C82-9DED-2A803EA5FDEC}
	EndGlobalSection
EndGlobal
